// !$*UTF8*$!
{
	archiveVersion = 1;
	classes = {
	};
	objectVersion = 50;
	objects = {

/* Begin PBXBuildFile section */
		186DCC9C2395264400DB655D /* AppDelegate.swift in Sources */ = {isa = PBXBuildFile; fileRef = 186DCC9B2395264400DB655D /* AppDelegate.swift */; };
		186DCC9E2395264400DB655D /* SceneDelegate.swift in Sources */ = {isa = PBXBuildFile; fileRef = 186DCC9D2395264400DB655D /* SceneDelegate.swift */; };
		186DCCA02395264400DB655D /* ViewController.swift in Sources */ = {isa = PBXBuildFile; fileRef = 186DCC9F2395264400DB655D /* ViewController.swift */; };
		186DCCA32395264400DB655D /* Main.storyboard in Resources */ = {isa = PBXBuildFile; fileRef = 186DCCA12395264400DB655D /* Main.storyboard */; };
		186DCCA62395264400DB655D /* demoface.xcdatamodeld in Sources */ = {isa = PBXBuildFile; fileRef = 186DCCA42395264400DB655D /* demoface.xcdatamodeld */; };
		186DCCA82395264500DB655D /* Assets.xcassets in Resources */ = {isa = PBXBuildFile; fileRef = 186DCCA72395264500DB655D /* Assets.xcassets */; };
		186DCCAB2395264500DB655D /* LaunchScreen.storyboard in Resources */ = {isa = PBXBuildFile; fileRef = 186DCCA92395264500DB655D /* LaunchScreen.storyboard */; };
/* End PBXBuildFile section */

/* Begin PBXFileReference section */
		186DCC982395264400DB655D /* demoface.app */ = {isa = PBXFileReference; explicitFileType = wrapper.application; includeInIndex = 0; path = demoface.app; sourceTree = BUILT_PRODUCTS_DIR; };
		186DCC9B2395264400DB655D /* AppDelegate.swift */ = {isa = PBXFileReference; lastKnownFileType = sourcecode.swift; path = AppDelegate.swift; sourceTree = "<group>"; };
		186DCC9D2395264400DB655D /* SceneDelegate.swift */ = {isa = PBXFileReference; lastKnownFileType = sourcecode.swift; path = SceneDelegate.swift; sourceTree = "<group>"; };
		186DCC9F2395264400DB655D /* ViewController.swift */ = {isa = PBXFileReference; lastKnownFileType = sourcecode.swift; path = ViewController.swift; sourceTree = "<group>"; };
		186DCCA22395264400DB655D /* Base */ = {isa = PBXFileReference; lastKnownFileType = file.storyboard; name = Base; path = Base.lproj/Main.storyboard; sourceTree = "<group>"; };
		186DCCA52395264400DB655D /* demoface.xcdatamodel */ = {isa = PBXFileReference; lastKnownFileType = wrapper.xcdatamodel; path = demoface.xcdatamodel; sourceTree = "<group>"; };
		186DCCA72395264500DB655D /* Assets.xcassets */ = {isa = PBXFileReference; lastKnownFileType = folder.assetcatalog; path = Assets.xcassets; sourceTree = "<group>"; };
		186DCCAA2395264500DB655D /* Base */ = {isa = PBXFileReference; lastKnownFileType = file.storyboard; name = Base; path = Base.lproj/LaunchScreen.storyboard; sourceTree = "<group>"; };
		186DCCAC2395264500DB655D /* Info.plist */ = {isa = PBXFileReference; lastKnownFileType = text.plist.xml; path = Info.plist; sourceTree = "<group>"; };
/* End PBXFileReference section */

/* Begin PBXFrameworksBuildPhase section */
		186DCC952395264400DB655D /* Frameworks */ = {
			isa = PBXFrameworksBuildPhase;
			buildActionMask = 2147483647;
			files = (
			);
			runOnlyForDeploymentPostprocessing = 0;
		};
/* End PBXFrameworksBuildPhase section */

/* Begin PBXGroup section */
		186DCC8F2395264400DB655D = {
			isa = PBXGroup;
			children = (
				186DCC9A2395264400DB655D /* demoface */,
				186DCC992395264400DB655D /* Products */,
			);
			sourceTree = "<group>";
		};
		186DCC992395264400DB655D /* Products */ = {
			isa = PBXGroup;
			children = (
				186DCC982395264400DB655D /* demoface.app */,
			);
			name = Products;
			sourceTree = "<group>";
		};
		186DCC9A2395264400DB655D /* demoface */ = {
			isa = PBXGroup;
			children = (
				186DCC9B2395264400DB655D /* AppDelegate.swift */,
				186DCC9D2395264400DB655D /* SceneDelegate.swift */,
				186DCC9F2395264400DB655D /* ViewController.swift */,
				186DCCA12395264400DB655D /* Main.storyboard */,
				186DCCA72395264500DB655D /* Assets.xcassets */,
				186DCCA92395264500DB655D /* LaunchScreen.storyboard */,
				186DCCAC2395264500DB655D /* Info.plist */,
				186DCCA42395264400DB655D /* demoface.xcdatamodeld */,
			);
			path = demoface;
			sourceTree = "<group>";
		};
/* End PBXGroup section */

/* Begin PBXNativeTarget section */
		186DCC972395264400DB655D /* demoface */ = {
			isa = PBXNativeTarget;
			buildConfigurationList = 186DCCAF2395264500DB655D /* Build configuration list for PBXNativeTarget "demoface" */;
			buildPhases = (
				186DCC942395264400DB655D /* Sources */,
				186DCC952395264400DB655D /* Frameworks */,
				186DCC962395264400DB655D /* Resources */,
			);
			buildRules = (
			);
			dependencies = (
			);
			name = demoface;
			productName = demoface;
			productReference = 186DCC982395264400DB655D /* demoface.app */;
			productType = "com.apple.product-type.application";
		};
/* End PBXNativeTarget section */

/* Begin PBXProject section */
		186DCC902395264400DB655D /* Project object */ = {
			isa = PBXProject;
			attributes = {
				LastSwiftUpdateCheck = 1120;
				LastUpgradeCheck = 1120;
				ORGANIZATIONNAME = Apple;
				TargetAttributes = {
					186DCC972395264400DB655D = {
						CreatedOnToolsVersion = 11.2;
					};
				};
			};
			buildConfigurationList = 186DCC932395264400DB655D /* Build configuration list for PBXProject "demoface" */;
			compatibilityVersion = "Xcode 9.3";
			developmentRegion = en;
			hasScannedForEncodings = 0;
			knownRegions = (
				en,
				Base,
			);
			mainGroup = 186DCC8F2395264400DB655D;
			productRefGroup = 186DCC992395264400DB655D /* Products */;
			projectDirPath = "";
			projectRoot = "";
			targets = (
				186DCC972395264400DB655D /* demoface */,
			);
		};
/* End PBXProject section */

/* Begin PBXResourcesBuildPhase section */
		186DCC962395264400DB655D /* Resources */ = {
			isa = PBXResourcesBuildPhase;
			buildActionMask = 2147483647;
			files = (
				186DCCAB2395264500DB655D /* LaunchScreen.storyboard in Resources */,
				186DCCA82395264500DB655D /* Assets.xcassets in Resources */,
				186DCCA32395264400DB655D /* Main.storyboard in Resources */,
			);
			runOnlyForDeploymentPostprocessing = 0;
		};
/* End PBXResourcesBuildPhase section */

/* Begin PBXSourcesBuildPhase section */
		186DCC942395264400DB655D /* Sources */ = {
			isa = PBXSourcesBuildPhase;
			buildActionMask = 2147483647;
			files = (
				186DCCA02395264400DB655D /* ViewController.swift in Sources */,
				186DCCA62395264400DB655D /* demoface.xcdatamodeld in Sources */,
				186DCC9C2395264400DB655D /* AppDelegate.swift in Sources */,
				186DCC9E2395264400DB655D /* SceneDelegate.swift in Sources */,
			);
			runOnlyForDeploymentPostprocessing = 0;
		};
/* End PBXSourcesBuildPhase section */

/* Begin PBXVariantGroup section */
		186DCCA12395264400DB655D /* Main.storyboard */ = {
			isa = PBXVariantGroup;
			children = (
				186DCCA22395264400DB655D /* Base */,
			);
			name = Main.storyboard;
			sourceTree = "<group>";
		};
		186DCCA92395264500DB655D /* LaunchScreen.storyboard */ = {
			isa = PBXVariantGroup;
			children = (
				186DCCAA2395264500DB655D /* Base */,
			);
			name = LaunchScreen.storyboard;
			sourceTree = "<group>";
		};
/* End PBXVariantGroup section */

/* Begin XCBuildConfiguration section */
		186DCCAD2395264500DB655D /* Debug */ = {
			isa = XCBuildConfiguration;
			buildSettings = {
				ALWAYS_SEARCH_USER_PATHS = NO;
				CLANG_ANALYZER_NONNULL = YES;
				CLANG_ANALYZER_NUMBER_OBJECT_CONVERSION = YES_AGGRESSIVE;
				CLANG_CXX_LANGUAGE_STANDARD = "gnu++14";
				CLANG_CXX_LIBRARY = "libc++";
				CLANG_ENABLE_MODULES = YES;
				CLANG_ENABLE_OBJC_ARC = YES;
				CLANG_ENABLE_OBJC_WEAK = YES;
				CLANG_WARN_BLOCK_CAPTURE_AUTORELEASING = YES;
				CLANG_WARN_BOOL_CONVERSION = YES;
				CLANG_WARN_COMMA = YES;
				CLANG_WARN_CONSTANT_CONVERSION = YES;
				CLANG_WARN_DEPRECATED_OBJC_IMPLEMENTATIONS = YES;
				CLANG_WARN_DIRECT_OBJC_ISA_USAGE = YES_ERROR;
				CLANG_WARN_DOCUMENTATION_COMMENTS = YES;
				CLANG_WARN_EMPTY_BODY = YES;
				CLANG_WARN_ENUM_CONVERSION = YES;
				CLANG_WARN_INFINITE_RECURSION = YES;
				CLANG_WARN_INT_CONVERSION = YES;
				CLANG_WARN_NON_LITERAL_NULL_CONVERSION = YES;
				CLANG_WARN_OBJC_IMPLICIT_RETAIN_SELF = YES;
				CLANG_WARN_OBJC_LITERAL_CONVERSION = YES;
				CLANG_WARN_OBJC_ROOT_CLASS = YES_ERROR;
				CLANG_WARN_RANGE_LOOP_ANALYSIS = YES;
				CLANG_WARN_STRICT_PROTOTYPES = YES;
				CLANG_WARN_SUSPICIOUS_MOVE = YES;
				CLANG_WARN_UNGUARDED_AVAILABILITY = YES_AGGRESSIVE;
				CLANG_WARN_UNREACHABLE_CODE = YES;
				CLANG_WARN__DUPLICATE_METHOD_MATCH = YES;
				COPY_PHASE_STRIP = NO;
				DEBUG_INFORMATION_FORMAT = dwarf;
				ENABLE_STRICT_OBJC_MSGSEND = YES;
				ENABLE_TESTABILITY = YES;
				GCC_C_LANGUAGE_STANDARD = gnu11;
				GCC_DYNAMIC_NO_PIC = NO;
				GCC_NO_COMMON_BLOCKS = YES;
				GCC_OPTIMIZATION_LEVEL = 0;
				GCC_PREPROCESSOR_DEFINITIONS = (
					"DEBUG=1",
					"$(inherited)",
				);
				GCC_WARN_64_TO_32_BIT_CONVERSION = YES;
				GCC_WARN_ABOUT_RETURN_TYPE = YES_ERROR;
				GCC_WARN_UNDECLARED_SELECTOR = YES;
				GCC_WARN_UNINITIALIZED_AUTOS = YES_AGGRESSIVE;
				GCC_WARN_UNUSED_FUNCTION = YES;
				GCC_WARN_UNUSED_VARIABLE = YES;
				IPHONEOS_DEPLOYMENT_TARGET = 13.2;
				MTL_ENABLE_DEBUG_INFO = INCLUDE_SOURCE;
				MTL_FAST_MATH = YES;
				ONLY_ACTIVE_ARCH = YES;
				SDKROOT = iphoneos;
				SWIFT_ACTIVE_COMPILATION_CONDITIONS = DEBUG;
				SWIFT_OPTIMIZATION_LEVEL = "-Onone";
			};
			name = Debug;
		};
		186DCCAE2395264500DB655D /* Release */ = {
			isa = XCBuildConfiguration;
			buildSettings = {
				ALWAYS_SEARCH_USER_PATHS = NO;
				CLANG_ANALYZER_NONNULL = YES;
				CLANG_ANALYZER_NUMBER_OBJECT_CONVERSION = YES_AGGRESSIVE;
				CLANG_CXX_LANGUAGE_STANDARD = "gnu++14";
				CLANG_CXX_LIBRARY = "libc++";
				CLANG_ENABLE_MODULES = YES;
				CLANG_ENABLE_OBJC_ARC = YES;
				CLANG_ENABLE_OBJC_WEAK = YES;
				CLANG_WARN_BLOCK_CAPTURE_AUTORELEASING = YES;
				CLANG_WARN_BOOL_CONVERSION = YES;
				CLANG_WARN_COMMA = YES;
				CLANG_WARN_CONSTANT_CONVERSION = YES;
				CLANG_WARN_DEPRECATED_OBJC_IMPLEMENTATIONS = YES;
				CLANG_WARN_DIRECT_OBJC_ISA_USAGE = YES_ERROR;
				CLANG_WARN_DOCUMENTATION_COMMENTS = YES;
				CLANG_WARN_EMPTY_BODY = YES;
				CLANG_WARN_ENUM_CONVERSION = YES;
				CLANG_WARN_INFINITE_RECURSION = YES;
				CLANG_WARN_INT_CONVERSION = YES;
				CLANG_WARN_NON_LITERAL_NULL_CONVERSION = YES;
				CLANG_WARN_OBJC_IMPLICIT_RETAIN_SELF = YES;
				CLANG_WARN_OBJC_LITERAL_CONVERSION = YES;
				CLANG_WARN_OBJC_ROOT_CLASS = YES_ERROR;
				CLANG_WARN_RANGE_LOOP_ANALYSIS = YES;
				CLANG_WARN_STRICT_PROTOTYPES = YES;
				CLANG_WARN_SUSPICIOUS_MOVE = YES;
				CLANG_WARN_UNGUARDED_AVAILABILITY = YES_AGGRESSIVE;
				CLANG_WARN_UNREACHABLE_CODE = YES;
				CLANG_WARN__DUPLICATE_METHOD_MATCH = YES;
				COPY_PHASE_STRIP = NO;
				DEBUG_INFORMATION_FORMAT = "dwarf-with-dsym";
				ENABLE_NS_ASSERTIONS = NO;
				ENABLE_STRICT_OBJC_MSGSEND = YES;
				GCC_C_LANGUAGE_STANDARD = gnu11;
				GCC_NO_COMMON_BLOCKS = YES;
				GCC_WARN_64_TO_32_BIT_CONVERSION = YES;
				GCC_WARN_ABOUT_RETURN_TYPE = YES_ERROR;
				GCC_WARN_UNDECLARED_SELECTOR = YES;
				GCC_WARN_UNINITIALIZED_AUTOS = YES_AGGRESSIVE;
				GCC_WARN_UNUSED_FUNCTION = YES;
				GCC_WARN_UNUSED_VARIABLE = YES;
				IPHONEOS_DEPLOYMENT_TARGET = 13.2;
				MTL_ENABLE_DEBUG_INFO = NO;
				MTL_FAST_MATH = YES;
				SDKROOT = iphoneos;
				SWIFT_COMPILATION_MODE = wholemodule;
				SWIFT_OPTIMIZATION_LEVEL = "-O";
				VALIDATE_PRODUCT = YES;
			};
			name = Release;
		};
		186DCCB02395264500DB655D /* Debug */ = {
			isa = XCBuildConfiguration;
			buildSettings = {
				ASSETCATALOG_COMPILER_APPICON_NAME = AppIcon;
				CODE_SIGN_STYLE = Automatic;
				DEVELOPMENT_TEAM = 8B6S6253B8;
				INFOPLIST_FILE = demoface/Info.plist;
				LD_RUNPATH_SEARCH_PATHS = (
					"$(inherited)",
					"@executable_path/Frameworks",
				);
				PRODUCT_BUNDLE_IDENTIFIER = com.beyondkey.demoface;
				PRODUCT_NAME = "$(TARGET_NAME)";
				SWIFT_VERSION = 5.0;
				TARGETED_DEVICE_FAMILY = "1,2";
			};
			name = Debug;
		};
		186DCCB12395264500DB655D /* Release */ = {
			isa = XCBuildConfiguration;
			buildSettings = {
				ASSETCATALOG_COMPILER_APPICON_NAME = AppIcon;
				CODE_SIGN_STYLE = Automatic;
				DEVELOPMENT_TEAM = 8B6S6253B8;
				INFOPLIST_FILE = demoface/Info.plist;
				LD_RUNPATH_SEARCH_PATHS = (
					"$(inherited)",
					"@executable_path/Frameworks",
				);
				PRODUCT_BUNDLE_IDENTIFIER = com.beyondkey.demoface;
				PRODUCT_NAME = "$(TARGET_NAME)";
				SWIFT_VERSION = 5.0;
				TARGETED_DEVICE_FAMILY = "1,2";
			};
			name = Release;
		};
/* End XCBuildConfiguration section */

/* Begin XCConfigurationList section */
		186DCC932395264400DB655D /* Build configuration list for PBXProject "demoface" */ = {
			isa = XCConfigurationList;
			buildConfigurations = (
				186DCCAD2395264500DB655D /* Debug */,
				186DCCAE2395264500DB655D /* Release */,
			);
			defaultConfigurationIsVisible = 0;
			defaultConfigurationName = Release;
		};
		186DCCAF2395264500DB655D /* Build configuration list for PBXNativeTarget "demoface" */ = {
			isa = XCConfigurationList;
			buildConfigurations = (
				186DCCB02395264500DB655D /* Debug */,
				186DCCB12395264500DB655D /* Release */,
			);
			defaultConfigurationIsVisible = 0;
			defaultConfigurationName = Release;
		};
/* End XCConfigurationList section */

/* Begin XCVersionGroup section */
		186DCCA42395264400DB655D /* demoface.xcdatamodeld */ = {
			isa = XCVersionGroup;
			children = (
				186DCCA52395264400DB655D /* demoface.xcdatamodel */,
			);
			currentVersion = 186DCCA52395264400DB655D /* demoface.xcdatamodel */;
			path = demoface.xcdatamodeld;
			sourceTree = "<group>";
			versionGroupType = wrapper.xcdatamodel;
		};
/* End XCVersionGroup section */
	};
	rootObject = 186DCC902395264400DB655D /* Project object */;
}
